
Microsoft Visual Studio Solution File, Format Version 12.00
# Visual Studio Version 17
VisualStudioVersion = 17.12.35707.178 d17.12
MinimumVisualStudioVersion = 10.0.40219.1
Project("{FAE04EC0-301F-11D3-BF4B-00C04F79EFBC}") = "Projects.API", "Projects.API\Projects.API.csproj", "{17754485-1EA6-4587-BE44-4AECC869925A}"
EndProject
Project("{FAE04EC0-301F-11D3-BF4B-00C04F79EFBC}") = "Projects.Domain", "Projects.Domain\Projects.Domain.csproj", "{5C1DB242-0548-401C-894A-F644A2256DB2}"
EndProject
Project("{FAE04EC0-301F-11D3-BF4B-00C04F79EFBC}") = "Projects.Infrastructure", "Projects.Infrastructure\Projects.Infrastructure.csproj", "{2F2D68EC-6577-44D5-8751-FCA1C35E9806}"
EndProject
Project("{FAE04EC0-301F-11D3-BF4B-00C04F79EFBC}") = "Projects.Application", "Projects.Application\Projects.Application.csproj", "{A65AC850-2E9E-4F87-A678-1EBCC5605617}"
EndProject
Global
	GlobalSection(SolutionConfigurationPlatforms) = preSolution
		Debug|Any CPU = Debug|Any CPU
		Release|Any CPU = Release|Any CPU
	EndGlobalSection
	GlobalSection(ProjectConfigurationPlatforms) = postSolution
		{17754485-1EA6-4587-BE44-4AECC869925A}.Debug|Any CPU.ActiveCfg = Debug|Any CPU
		{17754485-1EA6-4587-BE44-4AECC869925A}.Debug|Any CPU.Build.0 = Debug|Any CPU
		{17754485-1EA6-4587-BE44-4AECC869925A}.Release|Any CPU.ActiveCfg = Release|Any CPU
		{17754485-1EA6-4587-BE44-4AECC869925A}.Release|Any CPU.Build.0 = Release|Any CPU
		{5C1DB242-0548-401C-894A-F644A2256DB2}.Debug|Any CPU.ActiveCfg = Debug|Any CPU
		{5C1DB242-0548-401C-894A-F644A2256DB2}.Debug|Any CPU.Build.0 = Debug|Any CPU
		{5C1DB242-0548-401C-894A-F644A2256DB2}.Release|Any CPU.ActiveCfg = Release|Any CPU
		{5C1DB242-0548-401C-894A-F644A2256DB2}.Release|Any CPU.Build.0 = Release|Any CPU
		{2F2D68EC-6577-44D5-8751-FCA1C35E9806}.Debug|Any CPU.ActiveCfg = Debug|Any CPU
		{2F2D68EC-6577-44D5-8751-FCA1C35E9806}.Debug|Any CPU.Build.0 = Debug|Any CPU
		{2F2D68EC-6577-44D5-8751-FCA1C35E9806}.Release|Any CPU.ActiveCfg = Release|Any CPU
		{2F2D68EC-6577-44D5-8751-FCA1C35E9806}.Release|Any CPU.Build.0 = Release|Any CPU
		{A65AC850-2E9E-4F87-A678-1EBCC5605617}.Debug|Any CPU.ActiveCfg = Debug|Any CPU
		{A65AC850-2E9E-4F87-A678-1EBCC5605617}.Debug|Any CPU.Build.0 = Debug|Any CPU
		{A65AC850-2E9E-4F87-A678-1EBCC5605617}.Release|Any CPU.ActiveCfg = Release|Any CPU
		{A65AC850-2E9E-4F87-A678-1EBCC5605617}.Release|Any CPU.Build.0 = Release|Any CPU
	EndGlobalSection
	GlobalSection(SolutionProperties) = preSolution
		HideSolutionNode = FALSE
	EndGlobalSection
EndGlobal
